// !$*UTF8*$!
{
	archiveVersion = 1;
	classes = {
	};
	objectVersion = 56;
	objects = {

/* Begin PBXBuildFile section */
		0729667A28C717170063823A /* Stationary_Mile_TrackerApp.swift in Sources */ = {isa = PBXBuildFile; fileRef = 0729667928C717170063823A /* Stationary_Mile_TrackerApp.swift */; };
		0729667C28C717170063823A /* ContentView.swift in Sources */ = {isa = PBXBuildFile; fileRef = 0729667B28C717170063823A /* ContentView.swift */; };
		0729667E28C717180063823A /* Assets.xcassets in Resources */ = {isa = PBXBuildFile; fileRef = 0729667D28C717180063823A /* Assets.xcassets */; };
		0729668128C717180063823A /* Preview Assets.xcassets in Resources */ = {isa = PBXBuildFile; fileRef = 0729668028C717180063823A /* Preview Assets.xcassets */; };
		0729668A28C71C350063823A /* CalendarProgressTracker in Frameworks */ = {isa = PBXBuildFile; productRef = 0729668928C71C350063823A /* CalendarProgressTracker */; };
		0729668C28C7EBB10063823A /* TrackedMileage.swift in Sources */ = {isa = PBXBuildFile; fileRef = 0729668B28C7EBB10063823A /* TrackedMileage.swift */; };
		0729668E28C7EF450063823A /* TrackedMileageViewModel.swift in Sources */ = {isa = PBXBuildFile; fileRef = 0729668D28C7EF450063823A /* TrackedMileageViewModel.swift */; };
		0729669028C7EF840063823A /* CalendarTrackerView.swift in Sources */ = {isa = PBXBuildFile; fileRef = 0729668F28C7EF840063823A /* CalendarTrackerView.swift */; };
		07FA0A7328CD33C6003A4FE7 /* TrackedMilesChartView.swift in Sources */ = {isa = PBXBuildFile; fileRef = 07FA0A7228CD33C6003A4FE7 /* TrackedMilesChartView.swift */; };
		07FA0A7528CD33E3003A4FE7 /* ChartStyleType.swift in Sources */ = {isa = PBXBuildFile; fileRef = 07FA0A7428CD33E3003A4FE7 /* ChartStyleType.swift */; };
/* End PBXBuildFile section */

/* Begin PBXFileReference section */
		0729667628C717170063823A /* Stationary Mile Tracker.app */ = {isa = PBXFileReference; explicitFileType = wrapper.application; includeInIndex = 0; path = "Stationary Mile Tracker.app"; sourceTree = BUILT_PRODUCTS_DIR; };
		0729667928C717170063823A /* Stationary_Mile_TrackerApp.swift */ = {isa = PBXFileReference; lastKnownFileType = sourcecode.swift; path = Stationary_Mile_TrackerApp.swift; sourceTree = "<group>"; };
		0729667B28C717170063823A /* ContentView.swift */ = {isa = PBXFileReference; lastKnownFileType = sourcecode.swift; path = ContentView.swift; sourceTree = "<group>"; };
		0729667D28C717180063823A /* Assets.xcassets */ = {isa = PBXFileReference; lastKnownFileType = folder.assetcatalog; path = Assets.xcassets; sourceTree = "<group>"; };
		0729668028C717180063823A /* Preview Assets.xcassets */ = {isa = PBXFileReference; lastKnownFileType = folder.assetcatalog; path = "Preview Assets.xcassets"; sourceTree = "<group>"; };
		0729668728C71BF50063823A /* CalendarProgressTracker */ = {isa = PBXFileReference; lastKnownFileType = wrapper; name = CalendarProgressTracker; path = ../CalendarProgressTracker; sourceTree = "<group>"; };
		0729668B28C7EBB10063823A /* TrackedMileage.swift */ = {isa = PBXFileReference; lastKnownFileType = sourcecode.swift; path = TrackedMileage.swift; sourceTree = "<group>"; };
		0729668D28C7EF450063823A /* TrackedMileageViewModel.swift */ = {isa = PBXFileReference; lastKnownFileType = sourcecode.swift; path = TrackedMileageViewModel.swift; sourceTree = "<group>"; };
		0729668F28C7EF840063823A /* CalendarTrackerView.swift */ = {isa = PBXFileReference; lastKnownFileType = sourcecode.swift; path = CalendarTrackerView.swift; sourceTree = "<group>"; };
		07FA0A7228CD33C6003A4FE7 /* TrackedMilesChartView.swift */ = {isa = PBXFileReference; lastKnownFileType = sourcecode.swift; path = TrackedMilesChartView.swift; sourceTree = "<group>"; };
		07FA0A7428CD33E3003A4FE7 /* ChartStyleType.swift */ = {isa = PBXFileReference; lastKnownFileType = sourcecode.swift; path = ChartStyleType.swift; sourceTree = "<group>"; };
/* End PBXFileReference section */

/* Begin PBXFrameworksBuildPhase section */
		0729667328C717170063823A /* Frameworks */ = {
			isa = PBXFrameworksBuildPhase;
			buildActionMask = 2147483647;
			files = (
				0729668A28C71C350063823A /* CalendarProgressTracker in Frameworks */,
			);
			runOnlyForDeploymentPostprocessing = 0;
		};
/* End PBXFrameworksBuildPhase section */

/* Begin PBXGroup section */
		0729666D28C717170063823A = {
			isa = PBXGroup;
			children = (
				0729668728C71BF50063823A /* CalendarProgressTracker */,
				0729667828C717170063823A /* Stationary Mile Tracker */,
				0729667728C717170063823A /* Products */,
				0729668828C71C350063823A /* Frameworks */,
			);
			sourceTree = "<group>";
		};
		0729667728C717170063823A /* Products */ = {
			isa = PBXGroup;
			children = (
				0729667628C717170063823A /* Stationary Mile Tracker.app */,
			);
			name = Products;
			sourceTree = "<group>";
		};
		0729667828C717170063823A /* Stationary Mile Tracker */ = {
			isa = PBXGroup;
			children = (
				0729669328CD332F0063823A /* Models */,
				0729669228CD33180063823A /* ViewModels */,
				0729669128CD330D0063823A /* Views */,
				0729667928C717170063823A /* Stationary_Mile_TrackerApp.swift */,
				0729667D28C717180063823A /* Assets.xcassets */,
				0729667F28C717180063823A /* Preview Content */,
			);
			path = "Stationary Mile Tracker";
			sourceTree = "<group>";
		};
		0729667F28C717180063823A /* Preview Content */ = {
			isa = PBXGroup;
			children = (
				0729668028C717180063823A /* Preview Assets.xcassets */,
			);
			path = "Preview Content";
			sourceTree = "<group>";
		};
		0729668828C71C350063823A /* Frameworks */ = {
			isa = PBXGroup;
			children = (
			);
			name = Frameworks;
			sourceTree = "<group>";
		};
		0729669128CD330D0063823A /* Views */ = {
			isa = PBXGroup;
			children = (
				0729668F28C7EF840063823A /* CalendarTrackerView.swift */,
				0729667B28C717170063823A /* ContentView.swift */,
				07FA0A7228CD33C6003A4FE7 /* TrackedMilesChartView.swift */,
			);
			path = Views;
			sourceTree = "<group>";
		};
		0729669228CD33180063823A /* ViewModels */ = {
			isa = PBXGroup;
			children = (
				0729668D28C7EF450063823A /* TrackedMileageViewModel.swift */,
			);
			path = ViewModels;
			sourceTree = "<group>";
		};
		0729669328CD332F0063823A /* Models */ = {
			isa = PBXGroup;
			children = (
				0729668B28C7EBB10063823A /* TrackedMileage.swift */,
				07FA0A7428CD33E3003A4FE7 /* ChartStyleType.swift */,
			);
			path = Models;
			sourceTree = "<group>";
		};
/* End PBXGroup section */

/* Begin PBXNativeTarget section */
		0729667528C717170063823A /* Stationary Mile Tracker */ = {
			isa = PBXNativeTarget;
			buildConfigurationList = 0729668428C717180063823A /* Build configuration list for PBXNativeTarget "Stationary Mile Tracker" */;
			buildPhases = (
				0729667228C717170063823A /* Sources */,
				0729667328C717170063823A /* Frameworks */,
				0729667428C717170063823A /* Resources */,
			);
			buildRules = (
			);
			dependencies = (
			);
			name = "Stationary Mile Tracker";
			packageProductDependencies = (
				0729668928C71C350063823A /* CalendarProgressTracker */,
			);
			productName = "Stationary Mile Tracker";
			productReference = 0729667628C717170063823A /* Stationary Mile Tracker.app */;
			productType = "com.apple.product-type.application";
		};
/* End PBXNativeTarget section */

/* Begin PBXProject section */
		0729666E28C717170063823A /* Project object */ = {
			isa = PBXProject;
			attributes = {
				BuildIndependentTargetsInParallel = 1;
				LastSwiftUpdateCheck = 1400;
				LastUpgradeCheck = 1400;
				TargetAttributes = {
					0729667528C717170063823A = {
						CreatedOnToolsVersion = 14.0;
					};
				};
			};
			buildConfigurationList = 0729667128C717170063823A /* Build configuration list for PBXProject "Stationary Mile Tracker" */;
			compatibilityVersion = "Xcode 14.0";
			developmentRegion = en;
			hasScannedForEncodings = 0;
			knownRegions = (
				en,
				Base,
			);
			mainGroup = 0729666D28C717170063823A;
			productRefGroup = 0729667728C717170063823A /* Products */;
			projectDirPath = "";
			projectRoot = "";
			targets = (
				0729667528C717170063823A /* Stationary Mile Tracker */,
			);
		};
/* End PBXProject section */

/* Begin PBXResourcesBuildPhase section */
		0729667428C717170063823A /* Resources */ = {
			isa = PBXResourcesBuildPhase;
			buildActionMask = 2147483647;
			files = (
				0729668128C717180063823A /* Preview Assets.xcassets in Resources */,
				0729667E28C717180063823A /* Assets.xcassets in Resources */,
			);
			runOnlyForDeploymentPostprocessing = 0;
		};
/* End PBXResourcesBuildPhase section */

/* Begin PBXSourcesBuildPhase section */
		0729667228C717170063823A /* Sources */ = {
			isa = PBXSourcesBuildPhase;
			buildActionMask = 2147483647;
			files = (
				07FA0A7528CD33E3003A4FE7 /* ChartStyleType.swift in Sources */,
				0729667C28C717170063823A /* ContentView.swift in Sources */,
				0729669028C7EF840063823A /* CalendarTrackerView.swift in Sources */,
				07FA0A7328CD33C6003A4FE7 /* TrackedMilesChartView.swift in Sources */,
				0729668C28C7EBB10063823A /* TrackedMileage.swift in Sources */,
				0729668E28C7EF450063823A /* TrackedMileageViewModel.swift in Sources */,
				0729667A28C717170063823A /* Stationary_Mile_TrackerApp.swift in Sources */,
			);
			runOnlyForDeploymentPostprocessing = 0;
		};
/* End PBXSourcesBuildPhase section */

/* Begin XCBuildConfiguration section */
		0729668228C717180063823A /* Debug */ = {
			isa = XCBuildConfiguration;
			buildSettings = {
				ALWAYS_SEARCH_USER_PATHS = NO;
				CLANG_ANALYZER_NONNULL = YES;
				CLANG_ANALYZER_NUMBER_OBJECT_CONVERSION = YES_AGGRESSIVE;
				CLANG_CXX_LANGUAGE_STANDARD = "gnu++20";
				CLANG_ENABLE_MODULES = YES;
				CLANG_ENABLE_OBJC_ARC = YES;
				CLANG_ENABLE_OBJC_WEAK = YES;
				CLANG_WARN_BLOCK_CAPTURE_AUTORELEASING = YES;
				CLANG_WARN_BOOL_CONVERSION = YES;
				CLANG_WARN_COMMA = YES;
				CLANG_WARN_CONSTANT_CONVERSION = YES;
				CLANG_WARN_DEPRECATED_OBJC_IMPLEMENTATIONS = YES;
				CLANG_WARN_DIRECT_OBJC_ISA_USAGE = YES_ERROR;
				CLANG_WARN_DOCUMENTATION_COMMENTS = YES;
				CLANG_WARN_EMPTY_BODY = YES;
				CLANG_WARN_ENUM_CONVERSION = YES;
				CLANG_WARN_INFINITE_RECURSION = YES;
				CLANG_WARN_INT_CONVERSION = YES;
				CLANG_WARN_NON_LITERAL_NULL_CONVERSION = YES;
				CLANG_WARN_OBJC_IMPLICIT_RETAIN_SELF = YES;
				CLANG_WARN_OBJC_LITERAL_CONVERSION = YES;
				CLANG_WARN_OBJC_ROOT_CLASS = YES_ERROR;
				CLANG_WARN_QUOTED_INCLUDE_IN_FRAMEWORK_HEADER = YES;
				CLANG_WARN_RANGE_LOOP_ANALYSIS = YES;
				CLANG_WARN_STRICT_PROTOTYPES = YES;
				CLANG_WARN_SUSPICIOUS_MOVE = YES;
				CLANG_WARN_UNGUARDED_AVAILABILITY = YES_AGGRESSIVE;
				CLANG_WARN_UNREACHABLE_CODE = YES;
				CLANG_WARN__DUPLICATE_METHOD_MATCH = YES;
				COPY_PHASE_STRIP = NO;
				DEBUG_INFORMATION_FORMAT = dwarf;
				ENABLE_STRICT_OBJC_MSGSEND = YES;
				ENABLE_TESTABILITY = YES;
				GCC_C_LANGUAGE_STANDARD = gnu11;
				GCC_DYNAMIC_NO_PIC = NO;
				GCC_NO_COMMON_BLOCKS = YES;
				GCC_OPTIMIZATION_LEVEL = 0;
				GCC_PREPROCESSOR_DEFINITIONS = (
					"DEBUG=1",
					"$(inherited)",
				);
				GCC_WARN_64_TO_32_BIT_CONVERSION = YES;
				GCC_WARN_ABOUT_RETURN_TYPE = YES_ERROR;
				GCC_WARN_UNDECLARED_SELECTOR = YES;
				GCC_WARN_UNINITIALIZED_AUTOS = YES_AGGRESSIVE;
				GCC_WARN_UNUSED_FUNCTION = YES;
				GCC_WARN_UNUSED_VARIABLE = YES;
				IPHONEOS_DEPLOYMENT_TARGET = 16.0;
				MTL_ENABLE_DEBUG_INFO = INCLUDE_SOURCE;
				MTL_FAST_MATH = YES;
				ONLY_ACTIVE_ARCH = YES;
				SDKROOT = iphoneos;
				SWIFT_ACTIVE_COMPILATION_CONDITIONS = DEBUG;
				SWIFT_OPTIMIZATION_LEVEL = "-Onone";
			};
			name = Debug;
		};
		0729668328C717180063823A /* Release */ = {
			isa = XCBuildConfiguration;
			buildSettings = {
				ALWAYS_SEARCH_USER_PATHS = NO;
				CLANG_ANALYZER_NONNULL = YES;
				CLANG_ANALYZER_NUMBER_OBJECT_CONVERSION = YES_AGGRESSIVE;
				CLANG_CXX_LANGUAGE_STANDARD = "gnu++20";
				CLANG_ENABLE_MODULES = YES;
				CLANG_ENABLE_OBJC_ARC = YES;
				CLANG_ENABLE_OBJC_WEAK = YES;
				CLANG_WARN_BLOCK_CAPTURE_AUTORELEASING = YES;
				CLANG_WARN_BOOL_CONVERSION = YES;
				CLANG_WARN_COMMA = YES;
				CLANG_WARN_CONSTANT_CONVERSION = YES;
				CLANG_WARN_DEPRECATED_OBJC_IMPLEMENTATIONS = YES;
				CLANG_WARN_DIRECT_OBJC_ISA_USAGE = YES_ERROR;
				CLANG_WARN_DOCUMENTATION_COMMENTS = YES;
				CLANG_WARN_EMPTY_BODY = YES;
				CLANG_WARN_ENUM_CONVERSION = YES;
				CLANG_WARN_INFINITE_RECURSION = YES;
				CLANG_WARN_INT_CONVERSION = YES;
				CLANG_WARN_NON_LITERAL_NULL_CONVERSION = YES;
				CLANG_WARN_OBJC_IMPLICIT_RETAIN_SELF = YES;
				CLANG_WARN_OBJC_LITERAL_CONVERSION = YES;
				CLANG_WARN_OBJC_ROOT_CLASS = YES_ERROR;
				CLANG_WARN_QUOTED_INCLUDE_IN_FRAMEWORK_HEADER = YES;
				CLANG_WARN_RANGE_LOOP_ANALYSIS = YES;
				CLANG_WARN_STRICT_PROTOTYPES = YES;
				CLANG_WARN_SUSPICIOUS_MOVE = YES;
				CLANG_WARN_UNGUARDED_AVAILABILITY = YES_AGGRESSIVE;
				CLANG_WARN_UNREACHABLE_CODE = YES;
				CLANG_WARN__DUPLICATE_METHOD_MATCH = YES;
				COPY_PHASE_STRIP = NO;
				DEBUG_INFORMATION_FORMAT = "dwarf-with-dsym";
				ENABLE_NS_ASSERTIONS = NO;
				ENABLE_STRICT_OBJC_MSGSEND = YES;
				GCC_C_LANGUAGE_STANDARD = gnu11;
				GCC_NO_COMMON_BLOCKS = YES;
				GCC_WARN_64_TO_32_BIT_CONVERSION = YES;
				GCC_WARN_ABOUT_RETURN_TYPE = YES_ERROR;
				GCC_WARN_UNDECLARED_SELECTOR = YES;
				GCC_WARN_UNINITIALIZED_AUTOS = YES_AGGRESSIVE;
				GCC_WARN_UNUSED_FUNCTION = YES;
				GCC_WARN_UNUSED_VARIABLE = YES;
				IPHONEOS_DEPLOYMENT_TARGET = 16.0;
				MTL_ENABLE_DEBUG_INFO = NO;
				MTL_FAST_MATH = YES;
				SDKROOT = iphoneos;
				SWIFT_COMPILATION_MODE = wholemodule;
				SWIFT_OPTIMIZATION_LEVEL = "-O";
				VALIDATE_PRODUCT = YES;
			};
			name = Release;
		};
		0729668528C717180063823A /* Debug */ = {
			isa = XCBuildConfiguration;
			buildSettings = {
				ASSETCATALOG_COMPILER_APPICON_NAME = AppIcon;
				ASSETCATALOG_COMPILER_GLOBAL_ACCENT_COLOR_NAME = AccentColor;
				CODE_SIGN_STYLE = Automatic;
				CURRENT_PROJECT_VERSION = 1;
				DEVELOPMENT_ASSET_PATHS = "\"Stationary Mile Tracker/Preview Content\"";
				DEVELOPMENT_TEAM = 2FXG3J3786;
				ENABLE_PREVIEWS = YES;
				GENERATE_INFOPLIST_FILE = YES;
				INFOPLIST_KEY_UIApplicationSceneManifest_Generation = YES;
				INFOPLIST_KEY_UIApplicationSupportsIndirectInputEvents = YES;
				INFOPLIST_KEY_UILaunchScreen_Generation = YES;
				INFOPLIST_KEY_UISupportedInterfaceOrientations_iPad = "UIInterfaceOrientationPortrait UIInterfaceOrientationPortraitUpsideDown UIInterfaceOrientationLandscapeLeft UIInterfaceOrientationLandscapeRight";
				INFOPLIST_KEY_UISupportedInterfaceOrientations_iPhone = "UIInterfaceOrientationPortrait UIInterfaceOrientationLandscapeLeft UIInterfaceOrientationLandscapeRight";
				LD_RUNPATH_SEARCH_PATHS = (
					"$(inherited)",
					"@executable_path/Frameworks",
				);
				MARKETING_VERSION = 1.0;
				PRODUCT_BUNDLE_IDENTIFIER = "com.junebug-applications-llc.Stationary-Mile-Tracker";
				PRODUCT_NAME = "$(TARGET_NAME)";
				SWIFT_EMIT_LOC_STRINGS = YES;
				SWIFT_VERSION = 5.0;
				TARGETED_DEVICE_FAMILY = "1,2";
			};
			name = Debug;
		};
		0729668628C717180063823A /* Release */ = {
			isa = XCBuildConfiguration;
			buildSettings = {
				ASSETCATALOG_COMPILER_APPICON_NAME = AppIcon;
				ASSETCATALOG_COMPILER_GLOBAL_ACCENT_COLOR_NAME = AccentColor;
				CODE_SIGN_STYLE = Automatic;
				CURRENT_PROJECT_VERSION = 1;
				DEVELOPMENT_ASSET_PATHS = "\"Stationary Mile Tracker/Preview Content\"";
				DEVELOPMENT_TEAM = 2FXG3J3786;
				ENABLE_PREVIEWS = YES;
				GENERATE_INFOPLIST_FILE = YES;
				INFOPLIST_KEY_UIApplicationSceneManifest_Generation = YES;
				INFOPLIST_KEY_UIApplicationSupportsIndirectInputEvents = YES;
				INFOPLIST_KEY_UILaunchScreen_Generation = YES;
				INFOPLIST_KEY_UISupportedInterfaceOrientations_iPad = "UIInterfaceOrientationPortrait UIInterfaceOrientationPortraitUpsideDown UIInterfaceOrientationLandscapeLeft UIInterfaceOrientationLandscapeRight";
				INFOPLIST_KEY_UISupportedInterfaceOrientations_iPhone = "UIInterfaceOrientationPortrait UIInterfaceOrientationLandscapeLeft UIInterfaceOrientationLandscapeRight";
				LD_RUNPATH_SEARCH_PATHS = (
					"$(inherited)",
					"@executable_path/Frameworks",
				);
				MARKETING_VERSION = 1.0;
				PRODUCT_BUNDLE_IDENTIFIER = "com.junebug-applications-llc.Stationary-Mile-Tracker";
				PRODUCT_NAME = "$(TARGET_NAME)";
				SWIFT_EMIT_LOC_STRINGS = YES;
				SWIFT_VERSION = 5.0;
				TARGETED_DEVICE_FAMILY = "1,2";
			};
			name = Release;
		};
/* End XCBuildConfiguration section */

/* Begin XCConfigurationList section */
		0729667128C717170063823A /* Build configuration list for PBXProject "Stationary Mile Tracker" */ = {
			isa = XCConfigurationList;
			buildConfigurations = (
				0729668228C717180063823A /* Debug */,
				0729668328C717180063823A /* Release */,
			);
			defaultConfigurationIsVisible = 0;
			defaultConfigurationName = Release;
		};
		0729668428C717180063823A /* Build configuration list for PBXNativeTarget "Stationary Mile Tracker" */ = {
			isa = XCConfigurationList;
			buildConfigurations = (
				0729668528C717180063823A /* Debug */,
				0729668628C717180063823A /* Release */,
			);
			defaultConfigurationIsVisible = 0;
			defaultConfigurationName = Release;
		};
/* End XCConfigurationList section */

/* Begin XCSwiftPackageProductDependency section */
		0729668928C71C350063823A /* CalendarProgressTracker */ = {
			isa = XCSwiftPackageProductDependency;
			productName = CalendarProgressTracker;
		};
/* End XCSwiftPackageProductDependency section */
	};
	rootObject = 0729666E28C717170063823A /* Project object */;
}
